
Microsoft Visual Studio Solution File, Format Version 12.00
# Visual Studio Version 17
VisualStudioVersion = 17.0.31903.59
MinimumVisualStudioVersion = 10.0.40219.1
Project("{2150E333-8FDC-42A3-9474-1A3956D46DE8}") = "Bank", "Bank", "{DF3747EB-FE85-47DC-9F1E-95AFF721C970}"
EndProject
Project("{FAE04EC0-301F-11D3-BF4B-00C04F79EFBC}") = "BankLib", "BankLib\BankLib.csproj", "{EDBAA14D-9C70-43ED-8FDD-1DEF35F84495}"
EndProject
Project("{FAE04EC0-301F-11D3-BF4B-00C04F79EFBC}") = "BankLib.Tests", "BankLib.Tests\BankLib.Tests.csproj", "{6B6160C6-4B78-4230-B733-209D26E698E9}"
EndProject
Global
	GlobalSection(SolutionConfigurationPlatforms) = preSolution
		Debug|Any CPU = Debug|Any CPU
		Release|Any CPU = Release|Any CPU
	EndGlobalSection
	GlobalSection(ProjectConfigurationPlatforms) = postSolution
		{EDBAA14D-9C70-43ED-8FDD-1DEF35F84495}.Debug|Any CPU.ActiveCfg = Debug|Any CPU
		{EDBAA14D-9C70-43ED-8FDD-1DEF35F84495}.Debug|Any CPU.Build.0 = Debug|Any CPU
		{EDBAA14D-9C70-43ED-8FDD-1DEF35F84495}.Release|Any CPU.ActiveCfg = Release|Any CPU
		{EDBAA14D-9C70-43ED-8FDD-1DEF35F84495}.Release|Any CPU.Build.0 = Release|Any CPU
		{6B6160C6-4B78-4230-B733-209D26E698E9}.Debug|Any CPU.ActiveCfg = Debug|Any CPU
		{6B6160C6-4B78-4230-B733-209D26E698E9}.Debug|Any CPU.Build.0 = Debug|Any CPU
		{6B6160C6-4B78-4230-B733-209D26E698E9}.Release|Any CPU.ActiveCfg = Release|Any CPU
		{6B6160C6-4B78-4230-B733-209D26E698E9}.Release|Any CPU.Build.0 = Release|Any CPU
	EndGlobalSection
	GlobalSection(SolutionProperties) = preSolution
		HideSolutionNode = FALSE
	EndGlobalSection
	GlobalSection(NestedProjects) = preSolution
		{EDBAA14D-9C70-43ED-8FDD-1DEF35F84495} = {DF3747EB-FE85-47DC-9F1E-95AFF721C970}
		{6B6160C6-4B78-4230-B733-209D26E698E9} = {DF3747EB-FE85-47DC-9F1E-95AFF721C970}
	EndGlobalSection
	GlobalSection(ExtensibilityGlobals) = postSolution
		SolutionGuid = {6EA06AB6-D6F4-4BFB-8C93-E019853F3ACA}
	EndGlobalSection
EndGlobal
